
Microsoft Visual Studio Solution File, Format Version 12.00
# Visual Studio Version 17
VisualStudioVersion = 17.7.34031.279
MinimumVisualStudioVersion = 10.0.40219.1
Project("{2150E333-8FDC-42A3-9474-1A3956D46DE8}") = "Элементы решения", "Элементы решения", "{D529DAE3-6194-4EC7-B186-D4A94FA1F688}"
	ProjectSection(SolutionItems) = preProject
		Procedural programming1\main.cc = Procedural programming1\main.cc
		Procedural programming1\main.h = Procedural programming1\main.h
		Procedural programming1\marbles.cc = Procedural programming1\marbles.cc
		Procedural programming1\Marbles.vcxproj = Procedural programming1\Marbles.vcxproj
		Procedural programming1\Marbles.vcxproj.filters = Procedural programming1\Marbles.vcxproj.filters
		Procedural programming1\Marbles.vcxproj.user = Procedural programming1\Marbles.vcxproj.user
		Procedural programming1\practice4.cc = Procedural programming1\practice4.cc
		Procedural programming1\practice4.h = Procedural programming1\practice4.h
		Procedural programming1\practice5.cc = Procedural programming1\practice5.cc
		Procedural programming1\practice5.h = Procedural programming1\practice5.h
		Procedural programming1\practice6.cc = Procedural programming1\practice6.cc
		Procedural programming1\practice6.h = Procedural programming1\practice6.h
	EndProjectSection
EndProject
Project("{8BC9CEB8-8B4A-11D0-8D11-00A0C91BC942}") = "Procedural programming", "Procedural programming\Procedural programming.vcxproj", "{899B4064-4E80-48D8-9539-BA620B2C84BC}"
EndProject
Project("{888888A0-9F3D-457C-B088-3A5042F75D52}") = "Woorkbook1", "Woorkbook1\Woorkbook1.pyproj", "{FCED7ADE-8511-4F55-9956-06545B399F21}"
EndProject
Global
	GlobalSection(SolutionConfigurationPlatforms) = preSolution
		Debug|Any CPU = Debug|Any CPU
		Debug|x64 = Debug|x64
		Debug|x86 = Debug|x86
		Release|Any CPU = Release|Any CPU
		Release|x64 = Release|x64
		Release|x86 = Release|x86
	EndGlobalSection
	GlobalSection(ProjectConfigurationPlatforms) = postSolution
		{899B4064-4E80-48D8-9539-BA620B2C84BC}.Debug|Any CPU.ActiveCfg = Debug|x64
		{899B4064-4E80-48D8-9539-BA620B2C84BC}.Debug|Any CPU.Build.0 = Debug|x64
		{899B4064-4E80-48D8-9539-BA620B2C84BC}.Debug|x64.ActiveCfg = Debug|x64
		{899B4064-4E80-48D8-9539-BA620B2C84BC}.Debug|x64.Build.0 = Debug|x64
		{899B4064-4E80-48D8-9539-BA620B2C84BC}.Debug|x86.ActiveCfg = Debug|Win32
		{899B4064-4E80-48D8-9539-BA620B2C84BC}.Debug|x86.Build.0 = Debug|Win32
		{899B4064-4E80-48D8-9539-BA620B2C84BC}.Release|Any CPU.ActiveCfg = Release|x64
		{899B4064-4E80-48D8-9539-BA620B2C84BC}.Release|Any CPU.Build.0 = Release|x64
		{899B4064-4E80-48D8-9539-BA620B2C84BC}.Release|x64.ActiveCfg = Release|x64
		{899B4064-4E80-48D8-9539-BA620B2C84BC}.Release|x64.Build.0 = Release|x64
		{899B4064-4E80-48D8-9539-BA620B2C84BC}.Release|x86.ActiveCfg = Release|Win32
		{899B4064-4E80-48D8-9539-BA620B2C84BC}.Release|x86.Build.0 = Release|Win32
		{FCED7ADE-8511-4F55-9956-06545B399F21}.Debug|Any CPU.ActiveCfg = Debug|Any CPU
		{FCED7ADE-8511-4F55-9956-06545B399F21}.Debug|x64.ActiveCfg = Debug|Any CPU
		{FCED7ADE-8511-4F55-9956-06545B399F21}.Debug|x86.ActiveCfg = Debug|Any CPU
		{FCED7ADE-8511-4F55-9956-06545B399F21}.Release|Any CPU.ActiveCfg = Release|Any CPU
		{FCED7ADE-8511-4F55-9956-06545B399F21}.Release|x64.ActiveCfg = Release|Any CPU
		{FCED7ADE-8511-4F55-9956-06545B399F21}.Release|x86.ActiveCfg = Release|Any CPU
	EndGlobalSection
	GlobalSection(SolutionProperties) = preSolution
		HideSolutionNode = FALSE
	EndGlobalSection
	GlobalSection(ExtensibilityGlobals) = postSolution
		SolutionGuid = {AE916E6E-3964-412A-A0C3-6624FE40B88F}
	EndGlobalSection
EndGlobal
